github.com/cilium/ebpf v0.16.0 h1:+BiEnHL6Z7lXnlGUsXQPPAE7+kenAd4ES8MQ5min0Ok=
github.com/cilium/ebpf v0.16.0/go.mod h1:L7u2Blt2jMM/vLAVgjxluxtBKlz3/GWjB0dMOEngfwE=
github.com/cloudflare/cbpfc v0.0.0-20230809125630-31aa294050ff h1:SLLG1soGN/PYTXkYWiR1PAxWlP1URBvgZPYymC5+0WI=
github.com/cloudflare/cbpfc v0.0.0-20230809125630-31aa294050ff/go.mod h1:1xLQNNpgw8yNlVjGrtUHBx0KL52fif71sKa1PleulAQ=
github.com/jschwinger233/elibpcap v1.0.0 h1:UQuP3XT9orz26lW6DPTu9B9OBYirB57LmhPNGxQqU2U=
github.com/jschwinger233/elibpcap v1.0.0/go.mod h1:fUmq00C6Pechtr089JDPhvIc6TxrbUHDlZ5QCYc9tJQ=
github.com/pkg/errors v0.9.1 h1:FEBLx1zS214owpjy7qsBeixbURkuhQAwrK5UwLGTwt4=
github.com/pkg/errors v0.9.1/go.mod h1:bwawxfHBFNV+L2hUp1rHADufV3IMtnDRdf1r5NINEl0=
golang.org/x/exp v0.0.0-20230224173230-c95f2b4c22f2 h1:Jvc7gsqn21cJHCmAWx0LiimpP18LZmUxkT5Mp7EZ1mI=
golang.org/x/exp v0.0.0-20230224173230-c95f2b4c22f2/go.mod h1:CxIveKay+FTh1D0yPZemJVgC/95VzuuOLq5Qi4xnoYc=
golang.org/x/net v0.23.0 h1:7EYJ93RZ9vYSZAIb2x3lnuvqO5zneoD6IvWjuhfxjTs=
golang.org/x/net v0.23.0/go.mod h1:JKghWKKOSdJwpW2GEx0Ja7fmaKnMsbu+MWVZTokSYmg=
golang.org/x/sys v0.20.0 h1:Od9JTbYCk261bKm4M/mw7AklTlFYIa0bIp9BgSm1S8Y=
golang.org/x/sys v0.20.0/go.mod h1:/VUhepiaJMQUp4+oa/7Zr1D23ma6VTLIYjOOTFZPUcA=
